
Microsoft Visual Studio Solution File, Format Version 12.00
# Visual Studio Version 16
VisualStudioVersion = 16.0.32106.194
MinimumVisualStudioVersion = 10.0.40219.1
Project("{FAE04EC0-301F-11D3-BF4B-00C04F79EFBC}") = "CryptographyTest", "CryptographyTest\CryptographyTest.csproj", "{13A0E52F-755B-4508-8156-44B7B6294632}"
EndProject
Global
	GlobalSection(SolutionConfigurationPlatforms) = preSolution
		Debug|Any CPU = Debug|Any CPU
		Release|Any CPU = Release|Any CPU
	EndGlobalSection
	GlobalSection(ProjectConfigurationPlatforms) = postSolution
		{13A0E52F-755B-4508-8156-44B7B6294632}.Debug|Any CPU.ActiveCfg = Debug|Any CPU
		{13A0E52F-755B-4508-8156-44B7B6294632}.Debug|Any CPU.Build.0 = Debug|Any CPU
		{13A0E52F-755B-4508-8156-44B7B6294632}.Release|Any CPU.ActiveCfg = Release|Any CPU
		{13A0E52F-755B-4508-8156-44B7B6294632}.Release|Any CPU.Build.0 = Release|Any CPU
	EndGlobalSection
	GlobalSection(SolutionProperties) = preSolution
		HideSolutionNode = FALSE
	EndGlobalSection
	GlobalSection(ExtensibilityGlobals) = postSolution
		SolutionGuid = {7E3442AB-2A46-401F-8B5A-10BF9B93BB63}
	EndGlobalSection
EndGlobal
